pod 'PusherSwift'

import Pusherswift

let options = PusherClientOptions(
    host: .cluster("us2)
)

let pusher = Pusher(
    key: "a42206bb34bb643f5986",
    options: options
)

// subscribe to channel and bind to event
let channel = pusher.subscribe("my-channel")

let _ = channel.bind(eventName: "my-event", callback: { (data: Any?) -> Void in
      if let data = data as? [String : AnyObject] {
          if let message = data["message"] as? String {
              print(message)
          }
      }
  })

pusher.connect()